
Microsoft Visual Studio Solution File, Format Version 12.00
# Visual Studio Version 16
VisualStudioVersion = 16.0.30225.117
MinimumVisualStudioVersion = 10.0.40219.1
Project("{FAE04EC0-301F-11D3-BF4B-00C04F79EFBC}") = "MediaPlayer", "MediaPlayer\MediaPlayer.csproj", "{8AF16E97-5A33-43BE-B0C5-326C315FFEA8}"
EndProject
Global
	GlobalSection(SolutionConfigurationPlatforms) = preSolution
		Debug|Any CPU = Debug|Any CPU
		Release|Any CPU = Release|Any CPU
	EndGlobalSection
	GlobalSection(ProjectConfigurationPlatforms) = postSolution
		{8AF16E97-5A33-43BE-B0C5-326C315FFEA8}.Debug|Any CPU.ActiveCfg = Debug|Any CPU
		{8AF16E97-5A33-43BE-B0C5-326C315FFEA8}.Debug|Any CPU.Build.0 = Debug|Any CPU
		{8AF16E97-5A33-43BE-B0C5-326C315FFEA8}.Release|Any CPU.ActiveCfg = Release|Any CPU
		{8AF16E97-5A33-43BE-B0C5-326C315FFEA8}.Release|Any CPU.Build.0 = Release|Any CPU
	EndGlobalSection
	GlobalSection(SolutionProperties) = preSolution
		HideSolutionNode = FALSE
	EndGlobalSection
	GlobalSection(ExtensibilityGlobals) = postSolution
		SolutionGuid = {2071E74E-ED37-45E1-8DB7-7469C40B7C28}
	EndGlobalSection
EndGlobal
